// !$*UTF8*$!
{
	archiveVersion = 1;
	classes = {
	};
	objectVersion = 77;
	objects = {

/* Begin PBXContainerItemProxy section */
		709C57FA2DB9E76700B35989 /* PBXContainerItemProxy */ = {
			isa = PBXContainerItemProxy;
			containerPortal = 709C57E42DB9E76400B35989 /* Project object */;
			proxyType = 1;
			remoteGlobalIDString = 709C57EB2DB9E76400B35989;
			remoteInfo = DailyVitals;
		};
		709C58042DB9E76700B35989 /* PBXContainerItemProxy */ = {
			isa = PBXContainerItemProxy;
			containerPortal = 709C57E42DB9E76400B35989 /* Project object */;
			proxyType = 1;
			remoteGlobalIDString = 709C57EB2DB9E76400B35989;
			remoteInfo = DailyVitals;
		};
/* End PBXContainerItemProxy section */

/* Begin PBXFileReference section */
		709C57EC2DB9E76400B35989 /* DailyVitals.app */ = {isa = PBXFileReference; explicitFileType = wrapper.application; includeInIndex = 0; path = DailyVitals.app; sourceTree = BUILT_PRODUCTS_DIR; };
		709C57F92DB9E76700B35989 /* DailyVitalsTests.xctest */ = {isa = PBXFileReference; explicitFileType = wrapper.cfbundle; includeInIndex = 0; path = DailyVitalsTests.xctest; sourceTree = BUILT_PRODUCTS_DIR; };
		709C58032DB9E76700B35989 /* DailyVitalsUITests.xctest */ = {isa = PBXFileReference; explicitFileType = wrapper.cfbundle; includeInIndex = 0; path = DailyVitalsUITests.xctest; sourceTree = BUILT_PRODUCTS_DIR; };
/* End PBXFileReference section */

/* Begin PBXFileSystemSynchronizedRootGroup section */
		709C57EE2DB9E76400B35989 /* DailyVitals */ = {
			isa = PBXFileSystemSynchronizedRootGroup;
			path = DailyVitals;
			sourceTree = "<group>";
		};
		709C57FC2DB9E76700B35989 /* DailyVitalsTests */ = {
			isa = PBXFileSystemSynchronizedRootGroup;
			path = DailyVitalsTests;
			sourceTree = "<group>";
		};
		709C58062DB9E76700B35989 /* DailyVitalsUITests */ = {
			isa = PBXFileSystemSynchronizedRootGroup;
			path = DailyVitalsUITests;
			sourceTree = "<group>";
		};
/* End PBXFileSystemSynchronizedRootGroup section */

/* Begin PBXFrameworksBuildPhase section */
		709C57E92DB9E76400B35989 /* Frameworks */ = {
			isa = PBXFrameworksBuildPhase;
			buildActionMask = 2147483647;
			files = (
			);
			runOnlyForDeploymentPostprocessing = 0;
		};
		709C57F62DB9E76700B35989 /* Frameworks */ = {
			isa = PBXFrameworksBuildPhase;
			buildActionMask = 2147483647;
			files = (
			);
			runOnlyForDeploymentPostprocessing = 0;
		};
		709C58002DB9E76700B35989 /* Frameworks */ = {
			isa = PBXFrameworksBuildPhase;
			buildActionMask = 2147483647;
			files = (
			);
			runOnlyForDeploymentPostprocessing = 0;
		};
/* End PBXFrameworksBuildPhase section */

/* Begin PBXGroup section */
		709C57E32DB9E76400B35989 = {
			isa = PBXGroup;
			children = (
				709C57EE2DB9E76400B35989 /* DailyVitals */,
				709C57FC2DB9E76700B35989 /* DailyVitalsTests */,
				709C58062DB9E76700B35989 /* DailyVitalsUITests */,
				709C57ED2DB9E76400B35989 /* Products */,
			);
			sourceTree = "<group>";
		};
		709C57ED2DB9E76400B35989 /* Products */ = {
			isa = PBXGroup;
			children = (
				709C57EC2DB9E76400B35989 /* DailyVitals.app */,
				709C57F92DB9E76700B35989 /* DailyVitalsTests.xctest */,
				709C58032DB9E76700B35989 /* DailyVitalsUITests.xctest */,
			);
			name = Products;
			sourceTree = "<group>";
		};
/* End PBXGroup section */

/* Begin PBXNativeTarget section */
		709C57EB2DB9E76400B35989 /* DailyVitals */ = {
			isa = PBXNativeTarget;
			buildConfigurationList = 709C580D2DB9E76700B35989 /* Build configuration list for PBXNativeTarget "DailyVitals" */;
			buildPhases = (
				709C57E82DB9E76400B35989 /* Sources */,
				709C57E92DB9E76400B35989 /* Frameworks */,
				709C57EA2DB9E76400B35989 /* Resources */,
			);
			buildRules = (
			);
			dependencies = (
			);
			fileSystemSynchronizedGroups = (
				709C57EE2DB9E76400B35989 /* DailyVitals */,
			);
			name = DailyVitals;
			packageProductDependencies = (
			);
			productName = DailyVitals;
			productReference = 709C57EC2DB9E76400B35989 /* DailyVitals.app */;
			productType = "com.apple.product-type.application";
		};
		709C57F82DB9E76700B35989 /* DailyVitalsTests */ = {
			isa = PBXNativeTarget;
			buildConfigurationList = 709C58102DB9E76700B35989 /* Build configuration list for PBXNativeTarget "DailyVitalsTests" */;
			buildPhases = (
				709C57F52DB9E76700B35989 /* Sources */,
				709C57F62DB9E76700B35989 /* Frameworks */,
				709C57F72DB9E76700B35989 /* Resources */,
			);
			buildRules = (
			);
			dependencies = (
				709C57FB2DB9E76700B35989 /* PBXTargetDependency */,
			);
			fileSystemSynchronizedGroups = (
				709C57FC2DB9E76700B35989 /* DailyVitalsTests */,
			);
			name = DailyVitalsTests;
			packageProductDependencies = (
			);
			productName = DailyVitalsTests;
			productReference = 709C57F92DB9E76700B35989 /* DailyVitalsTests.xctest */;
			productType = "com.apple.product-type.bundle.unit-test";
		};
		709C58022DB9E76700B35989 /* DailyVitalsUITests */ = {
			isa = PBXNativeTarget;
			buildConfigurationList = 709C58132DB9E76700B35989 /* Build configuration list for PBXNativeTarget "DailyVitalsUITests" */;
			buildPhases = (
				709C57FF2DB9E76700B35989 /* Sources */,
				709C58002DB9E76700B35989 /* Frameworks */,
				709C58012DB9E76700B35989 /* Resources */,
			);
			buildRules = (
			);
			dependencies = (
				709C58052DB9E76700B35989 /* PBXTargetDependency */,
			);
			fileSystemSynchronizedGroups = (
				709C58062DB9E76700B35989 /* DailyVitalsUITests */,
			);
			name = DailyVitalsUITests;
			packageProductDependencies = (
			);
			productName = DailyVitalsUITests;
			productReference = 709C58032DB9E76700B35989 /* DailyVitalsUITests.xctest */;
			productType = "com.apple.product-type.bundle.ui-testing";
		};
/* End PBXNativeTarget section */

/* Begin PBXProject section */
		709C57E42DB9E76400B35989 /* Project object */ = {
			isa = PBXProject;
			attributes = {
				BuildIndependentTargetsInParallel = 1;
				LastSwiftUpdateCheck = 1630;
				LastUpgradeCheck = 1630;
				TargetAttributes = {
					709C57EB2DB9E76400B35989 = {
						CreatedOnToolsVersion = 16.3;
					};
					709C57F82DB9E76700B35989 = {
						CreatedOnToolsVersion = 16.3;
						TestTargetID = 709C57EB2DB9E76400B35989;
					};
					709C58022DB9E76700B35989 = {
						CreatedOnToolsVersion = 16.3;
						TestTargetID = 709C57EB2DB9E76400B35989;
					};
				};
			};
			buildConfigurationList = 709C57E72DB9E76400B35989 /* Build configuration list for PBXProject "DailyVitals" */;
			developmentRegion = en;
			hasScannedForEncodings = 0;
			knownRegions = (
				en,
				Base,
			);
			mainGroup = 709C57E32DB9E76400B35989;
			minimizedProjectReferenceProxies = 1;
			preferredProjectObjectVersion = 77;
			productRefGroup = 709C57ED2DB9E76400B35989 /* Products */;
			projectDirPath = "";
			projectRoot = "";
			targets = (
				709C57EB2DB9E76400B35989 /* DailyVitals */,
				709C57F82DB9E76700B35989 /* DailyVitalsTests */,
				709C58022DB9E76700B35989 /* DailyVitalsUITests */,
			);
		};
/* End PBXProject section */

/* Begin PBXResourcesBuildPhase section */
		709C57EA2DB9E76400B35989 /* Resources */ = {
			isa = PBXResourcesBuildPhase;
			buildActionMask = 2147483647;
			files = (
			);
			runOnlyForDeploymentPostprocessing = 0;
		};
		709C57F72DB9E76700B35989 /* Resources */ = {
			isa = PBXResourcesBuildPhase;
			buildActionMask = 2147483647;
			files = (
			);
			runOnlyForDeploymentPostprocessing = 0;
		};
		709C58012DB9E76700B35989 /* Resources */ = {
			isa = PBXResourcesBuildPhase;
			buildActionMask = 2147483647;
			files = (
			);
			runOnlyForDeploymentPostprocessing = 0;
		};
/* End PBXResourcesBuildPhase section */

/* Begin PBXSourcesBuildPhase section */
		709C57E82DB9E76400B35989 /* Sources */ = {
			isa = PBXSourcesBuildPhase;
			buildActionMask = 2147483647;
			files = (
			);
			runOnlyForDeploymentPostprocessing = 0;
		};
		709C57F52DB9E76700B35989 /* Sources */ = {
			isa = PBXSourcesBuildPhase;
			buildActionMask = 2147483647;
			files = (
			);
			runOnlyForDeploymentPostprocessing = 0;
		};
		709C57FF2DB9E76700B35989 /* Sources */ = {
			isa = PBXSourcesBuildPhase;
			buildActionMask = 2147483647;
			files = (
			);
			runOnlyForDeploymentPostprocessing = 0;
		};
/* End PBXSourcesBuildPhase section */

/* Begin PBXTargetDependency section */
		709C57FB2DB9E76700B35989 /* PBXTargetDependency */ = {
			isa = PBXTargetDependency;
			target = 709C57EB2DB9E76400B35989 /* DailyVitals */;
			targetProxy = 709C57FA2DB9E76700B35989 /* PBXContainerItemProxy */;
		};
		709C58052DB9E76700B35989 /* PBXTargetDependency */ = {
			isa = PBXTargetDependency;
			target = 709C57EB2DB9E76400B35989 /* DailyVitals */;
			targetProxy = 709C58042DB9E76700B35989 /* PBXContainerItemProxy */;
		};
/* End PBXTargetDependency section */

/* Begin XCBuildConfiguration section */
		709C580B2DB9E76700B35989 /* Debug */ = {
			isa = XCBuildConfiguration;
			buildSettings = {
				ALWAYS_SEARCH_USER_PATHS = NO;
				ASSETCATALOG_COMPILER_GENERATE_SWIFT_ASSET_SYMBOL_EXTENSIONS = YES;
				CLANG_ANALYZER_NONNULL = YES;
				CLANG_ANALYZER_NUMBER_OBJECT_CONVERSION = YES_AGGRESSIVE;
				CLANG_CXX_LANGUAGE_STANDARD = "gnu++20";
				CLANG_ENABLE_MODULES = YES;
				CLANG_ENABLE_OBJC_ARC = YES;
				CLANG_ENABLE_OBJC_WEAK = YES;
				CLANG_WARN_BLOCK_CAPTURE_AUTORELEASING = YES;
				CLANG_WARN_BOOL_CONVERSION = YES;
				CLANG_WARN_COMMA = YES;
				CLANG_WARN_CONSTANT_CONVERSION = YES;
				CLANG_WARN_DEPRECATED_OBJC_IMPLEMENTATIONS = YES;
				CLANG_WARN_DIRECT_OBJC_ISA_USAGE = YES_ERROR;
				CLANG_WARN_DOCUMENTATION_COMMENTS = YES;
				CLANG_WARN_EMPTY_BODY = YES;
				CLANG_WARN_ENUM_CONVERSION = YES;
				CLANG_WARN_INFINITE_RECURSION = YES;
				CLANG_WARN_INT_CONVERSION = YES;
				CLANG_WARN_NON_LITERAL_NULL_CONVERSION = YES;
				CLANG_WARN_OBJC_IMPLICIT_RETAIN_SELF = YES;
				CLANG_WARN_OBJC_LITERAL_CONVERSION = YES;
				CLANG_WARN_OBJC_ROOT_CLASS = YES_ERROR;
				CLANG_WARN_QUOTED_INCLUDE_IN_FRAMEWORK_HEADER = YES;
				CLANG_WARN_RANGE_LOOP_ANALYSIS = YES;
				CLANG_WARN_STRICT_PROTOTYPES = YES;
				CLANG_WARN_SUSPICIOUS_MOVE = YES;
				CLANG_WARN_UNGUARDED_AVAILABILITY = YES_AGGRESSIVE;
				CLANG_WARN_UNREACHABLE_CODE = YES;
				CLANG_WARN__DUPLICATE_METHOD_MATCH = YES;
				COPY_PHASE_STRIP = NO;
				DEBUG_INFORMATION_FORMAT = dwarf;
				ENABLE_STRICT_OBJC_MSGSEND = YES;
				ENABLE_TESTABILITY = YES;
				ENABLE_USER_SCRIPT_SANDBOXING = YES;
				GCC_C_LANGUAGE_STANDARD = gnu17;
				GCC_DYNAMIC_NO_PIC = NO;
				GCC_NO_COMMON_BLOCKS = YES;
				GCC_OPTIMIZATION_LEVEL = 0;
				GCC_PREPROCESSOR_DEFINITIONS = (
					"DEBUG=1",
					"$(inherited)",
				);
				GCC_WARN_64_TO_32_BIT_CONVERSION = YES;
				GCC_WARN_ABOUT_RETURN_TYPE = YES_ERROR;
				GCC_WARN_UNDECLARED_SELECTOR = YES;
				GCC_WARN_UNINITIALIZED_AUTOS = YES_AGGRESSIVE;
				GCC_WARN_UNUSED_FUNCTION = YES;
				GCC_WARN_UNUSED_VARIABLE = YES;
				IPHONEOS_DEPLOYMENT_TARGET = 18.4;
				LOCALIZATION_PREFERS_STRING_CATALOGS = YES;
				MTL_ENABLE_DEBUG_INFO = INCLUDE_SOURCE;
				MTL_FAST_MATH = YES;
				ONLY_ACTIVE_ARCH = YES;
				SDKROOT = iphoneos;
				SWIFT_ACTIVE_COMPILATION_CONDITIONS = "DEBUG $(inherited)";
				SWIFT_OPTIMIZATION_LEVEL = "-Onone";
			};
			name = Debug;
		};
		709C580C2DB9E76700B35989 /* Release */ = {
			isa = XCBuildConfiguration;
			buildSettings = {
				ALWAYS_SEARCH_USER_PATHS = NO;
				ASSETCATALOG_COMPILER_GENERATE_SWIFT_ASSET_SYMBOL_EXTENSIONS = YES;
				CLANG_ANALYZER_NONNULL = YES;
				CLANG_ANALYZER_NUMBER_OBJECT_CONVERSION = YES_AGGRESSIVE;
				CLANG_CXX_LANGUAGE_STANDARD = "gnu++20";
				CLANG_ENABLE_MODULES = YES;
				CLANG_ENABLE_OBJC_ARC = YES;
				CLANG_ENABLE_OBJC_WEAK = YES;
				CLANG_WARN_BLOCK_CAPTURE_AUTORELEASING = YES;
				CLANG_WARN_BOOL_CONVERSION = YES;
				CLANG_WARN_COMMA = YES;
				CLANG_WARN_CONSTANT_CONVERSION = YES;
				CLANG_WARN_DEPRECATED_OBJC_IMPLEMENTATIONS = YES;
				CLANG_WARN_DIRECT_OBJC_ISA_USAGE = YES_ERROR;
				CLANG_WARN_DOCUMENTATION_COMMENTS = YES;
				CLANG_WARN_EMPTY_BODY = YES;
				CLANG_WARN_ENUM_CONVERSION = YES;
				CLANG_WARN_INFINITE_RECURSION = YES;
				CLANG_WARN_INT_CONVERSION = YES;
				CLANG_WARN_NON_LITERAL_NULL_CONVERSION = YES;
				CLANG_WARN_OBJC_IMPLICIT_RETAIN_SELF = YES;
				CLANG_WARN_OBJC_LITERAL_CONVERSION = YES;
				CLANG_WARN_OBJC_ROOT_CLASS = YES_ERROR;
				CLANG_WARN_QUOTED_INCLUDE_IN_FRAMEWORK_HEADER = YES;
				CLANG_WARN_RANGE_LOOP_ANALYSIS = YES;
				CLANG_WARN_STRICT_PROTOTYPES = YES;
				CLANG_WARN_SUSPICIOUS_MOVE = YES;
				CLANG_WARN_UNGUARDED_AVAILABILITY = YES_AGGRESSIVE;
				CLANG_WARN_UNREACHABLE_CODE = YES;
				CLANG_WARN__DUPLICATE_METHOD_MATCH = YES;
				COPY_PHASE_STRIP = NO;
				DEBUG_INFORMATION_FORMAT = "dwarf-with-dsym";
				ENABLE_NS_ASSERTIONS = NO;
				ENABLE_STRICT_OBJC_MSGSEND = YES;
				ENABLE_USER_SCRIPT_SANDBOXING = YES;
				GCC_C_LANGUAGE_STANDARD = gnu17;
				GCC_NO_COMMON_BLOCKS = YES;
				GCC_WARN_64_TO_32_BIT_CONVERSION = YES;
				GCC_WARN_ABOUT_RETURN_TYPE = YES_ERROR;
				GCC_WARN_UNDECLARED_SELECTOR = YES;
				GCC_WARN_UNINITIALIZED_AUTOS = YES_AGGRESSIVE;
				GCC_WARN_UNUSED_FUNCTION = YES;
				GCC_WARN_UNUSED_VARIABLE = YES;
				IPHONEOS_DEPLOYMENT_TARGET = 18.4;
				LOCALIZATION_PREFERS_STRING_CATALOGS = YES;
				MTL_ENABLE_DEBUG_INFO = NO;
				MTL_FAST_MATH = YES;
				SDKROOT = iphoneos;
				SWIFT_COMPILATION_MODE = wholemodule;
				VALIDATE_PRODUCT = YES;
			};
			name = Release;
		};
		709C580E2DB9E76700B35989 /* Debug */ = {
			isa = XCBuildConfiguration;
			buildSettings = {
				ASSETCATALOG_COMPILER_APPICON_NAME = AppIcon;
				ASSETCATALOG_COMPILER_GLOBAL_ACCENT_COLOR_NAME = AccentColor;
				CODE_SIGN_STYLE = Automatic;
				CURRENT_PROJECT_VERSION = 1;
				ENABLE_PREVIEWS = YES;
				GENERATE_INFOPLIST_FILE = YES;
				INFOPLIST_KEY_UIApplicationSceneManifest_Generation = YES;
				INFOPLIST_KEY_UIApplicationSupportsIndirectInputEvents = YES;
				INFOPLIST_KEY_UILaunchScreen_Generation = YES;
				INFOPLIST_KEY_UISupportedInterfaceOrientations_iPad = "UIInterfaceOrientationPortrait UIInterfaceOrientationPortraitUpsideDown UIInterfaceOrientationLandscapeLeft UIInterfaceOrientationLandscapeRight";
				INFOPLIST_KEY_UISupportedInterfaceOrientations_iPhone = "UIInterfaceOrientationPortrait UIInterfaceOrientationLandscapeLeft UIInterfaceOrientationLandscapeRight";
				LD_RUNPATH_SEARCH_PATHS = (
					"$(inherited)",
					"@executable_path/Frameworks",
				);
				MARKETING_VERSION = 1.0;
				PRODUCT_BUNDLE_IDENTIFIER = com.shidhin.DailyVitals;
				PRODUCT_NAME = "$(TARGET_NAME)";
				SWIFT_EMIT_LOC_STRINGS = YES;
				SWIFT_VERSION = 5.0;
				TARGETED_DEVICE_FAMILY = "1,2";
			};
			name = Debug;
		};
		709C580F2DB9E76700B35989 /* Release */ = {
			isa = XCBuildConfiguration;
			buildSettings = {
				ASSETCATALOG_COMPILER_APPICON_NAME = AppIcon;
				ASSETCATALOG_COMPILER_GLOBAL_ACCENT_COLOR_NAME = AccentColor;
				CODE_SIGN_STYLE = Automatic;
				CURRENT_PROJECT_VERSION = 1;
				ENABLE_PREVIEWS = YES;
				GENERATE_INFOPLIST_FILE = YES;
				INFOPLIST_KEY_UIApplicationSceneManifest_Generation = YES;
				INFOPLIST_KEY_UIApplicationSupportsIndirectInputEvents = YES;
				INFOPLIST_KEY_UILaunchScreen_Generation = YES;
				INFOPLIST_KEY_UISupportedInterfaceOrientations_iPad = "UIInterfaceOrientationPortrait UIInterfaceOrientationPortraitUpsideDown UIInterfaceOrientationLandscapeLeft UIInterfaceOrientationLandscapeRight";
				INFOPLIST_KEY_UISupportedInterfaceOrientations_iPhone = "UIInterfaceOrientationPortrait UIInterfaceOrientationLandscapeLeft UIInterfaceOrientationLandscapeRight";
				LD_RUNPATH_SEARCH_PATHS = (
					"$(inherited)",
					"@executable_path/Frameworks",
				);
				MARKETING_VERSION = 1.0;
				PRODUCT_BUNDLE_IDENTIFIER = com.shidhin.DailyVitals;
				PRODUCT_NAME = "$(TARGET_NAME)";
				SWIFT_EMIT_LOC_STRINGS = YES;
				SWIFT_VERSION = 5.0;
				TARGETED_DEVICE_FAMILY = "1,2";
			};
			name = Release;
		};
		709C58112DB9E76700B35989 /* Debug */ = {
			isa = XCBuildConfiguration;
			buildSettings = {
				BUNDLE_LOADER = "$(TEST_HOST)";
				CODE_SIGN_STYLE = Automatic;
				CURRENT_PROJECT_VERSION = 1;
				GENERATE_INFOPLIST_FILE = YES;
				IPHONEOS_DEPLOYMENT_TARGET = 18.4;
				MARKETING_VERSION = 1.0;
				PRODUCT_BUNDLE_IDENTIFIER = com.shidhin.DailyVitalsTests;
				PRODUCT_NAME = "$(TARGET_NAME)";
				SWIFT_EMIT_LOC_STRINGS = NO;
				SWIFT_VERSION = 5.0;
				TARGETED_DEVICE_FAMILY = "1,2";
				TEST_HOST = "$(BUILT_PRODUCTS_DIR)/DailyVitals.app/$(BUNDLE_EXECUTABLE_FOLDER_PATH)/DailyVitals";
			};
			name = Debug;
		};
		709C58122DB9E76700B35989 /* Release */ = {
			isa = XCBuildConfiguration;
			buildSettings = {
				BUNDLE_LOADER = "$(TEST_HOST)";
				CODE_SIGN_STYLE = Automatic;
				CURRENT_PROJECT_VERSION = 1;
				GENERATE_INFOPLIST_FILE = YES;
				IPHONEOS_DEPLOYMENT_TARGET = 18.4;
				MARKETING_VERSION = 1.0;
				PRODUCT_BUNDLE_IDENTIFIER = com.shidhin.DailyVitalsTests;
				PRODUCT_NAME = "$(TARGET_NAME)";
				SWIFT_EMIT_LOC_STRINGS = NO;
				SWIFT_VERSION = 5.0;
				TARGETED_DEVICE_FAMILY = "1,2";
				TEST_HOST = "$(BUILT_PRODUCTS_DIR)/DailyVitals.app/$(BUNDLE_EXECUTABLE_FOLDER_PATH)/DailyVitals";
			};
			name = Release;
		};
		709C58142DB9E76700B35989 /* Debug */ = {
			isa = XCBuildConfiguration;
			buildSettings = {
				CODE_SIGN_STYLE = Automatic;
				CURRENT_PROJECT_VERSION = 1;
				GENERATE_INFOPLIST_FILE = YES;
				MARKETING_VERSION = 1.0;
				PRODUCT_BUNDLE_IDENTIFIER = com.shidhin.DailyVitalsUITests;
				PRODUCT_NAME = "$(TARGET_NAME)";
				SWIFT_EMIT_LOC_STRINGS = NO;
				SWIFT_VERSION = 5.0;
				TARGETED_DEVICE_FAMILY = "1,2";
				TEST_TARGET_NAME = DailyVitals;
			};
			name = Debug;
		};
		709C58152DB9E76700B35989 /* Release */ = {
			isa = XCBuildConfiguration;
			buildSettings = {
				CODE_SIGN_STYLE = Automatic;
				CURRENT_PROJECT_VERSION = 1;
				GENERATE_INFOPLIST_FILE = YES;
				MARKETING_VERSION = 1.0;
				PRODUCT_BUNDLE_IDENTIFIER = com.shidhin.DailyVitalsUITests;
				PRODUCT_NAME = "$(TARGET_NAME)";
				SWIFT_EMIT_LOC_STRINGS = NO;
				SWIFT_VERSION = 5.0;
				TARGETED_DEVICE_FAMILY = "1,2";
				TEST_TARGET_NAME = DailyVitals;
			};
			name = Release;
		};
/* End XCBuildConfiguration section */

/* Begin XCConfigurationList section */
		709C57E72DB9E76400B35989 /* Build configuration list for PBXProject "DailyVitals" */ = {
			isa = XCConfigurationList;
			buildConfigurations = (
				709C580B2DB9E76700B35989 /* Debug */,
				709C580C2DB9E76700B35989 /* Release */,
			);
			defaultConfigurationIsVisible = 0;
			defaultConfigurationName = Release;
		};
		709C580D2DB9E76700B35989 /* Build configuration list for PBXNativeTarget "DailyVitals" */ = {
			isa = XCConfigurationList;
			buildConfigurations = (
				709C580E2DB9E76700B35989 /* Debug */,
				709C580F2DB9E76700B35989 /* Release */,
			);
			defaultConfigurationIsVisible = 0;
			defaultConfigurationName = Release;
		};
		709C58102DB9E76700B35989 /* Build configuration list for PBXNativeTarget "DailyVitalsTests" */ = {
			isa = XCConfigurationList;
			buildConfigurations = (
				709C58112DB9E76700B35989 /* Debug */,
				709C58122DB9E76700B35989 /* Release */,
			);
			defaultConfigurationIsVisible = 0;
			defaultConfigurationName = Release;
		};
		709C58132DB9E76700B35989 /* Build configuration list for PBXNativeTarget "DailyVitalsUITests" */ = {
			isa = XCConfigurationList;
			buildConfigurations = (
				709C58142DB9E76700B35989 /* Debug */,
				709C58152DB9E76700B35989 /* Release */,
			);
			defaultConfigurationIsVisible = 0;
			defaultConfigurationName = Release;
		};
/* End XCConfigurationList section */
	};
	rootObject = 709C57E42DB9E76400B35989 /* Project object */;
}
